
Microsoft Visual Studio Solution File, Format Version 12.00
# Visual Studio 14
VisualStudioVersion = 14.0.23107.0
MinimumVisualStudioVersion = 10.0.40219.1
Project("{FAE04EC0-301F-11D3-BF4B-00C04F79EFBC}") = "metro_BCP", "metro_BCP\metro_BCP.csproj", "{24A66904-9222-4621-9CCA-41D5C0E7D5C6}"
EndProject
Project("{54435603-DBB4-11D2-8724-00A0C9A8B90C}") = "BCP Express Setup", "BCP Express Setup\PBC Express Setup.vdproj", "{62381E27-2ADF-4D03-B442-8A584901083D}"
EndProject
Global
	GlobalSection(SolutionConfigurationPlatforms) = preSolution
		Debug|Any CPU = Debug|Any CPU
		Release|Any CPU = Release|Any CPU
	EndGlobalSection
	GlobalSection(ProjectConfigurationPlatforms) = postSolution
		{24A66904-9222-4621-9CCA-41D5C0E7D5C6}.Debug|Any CPU.ActiveCfg = Debug|Any CPU
		{24A66904-9222-4621-9CCA-41D5C0E7D5C6}.Debug|Any CPU.Build.0 = Debug|Any CPU
		{24A66904-9222-4621-9CCA-41D5C0E7D5C6}.Release|Any CPU.ActiveCfg = Release|Any CPU
		{24A66904-9222-4621-9CCA-41D5C0E7D5C6}.Release|Any CPU.Build.0 = Release|Any CPU
		{62381E27-2ADF-4D03-B442-8A584901083D}.Debug|Any CPU.ActiveCfg = Debug
		{62381E27-2ADF-4D03-B442-8A584901083D}.Debug|Any CPU.Build.0 = Debug
		{62381E27-2ADF-4D03-B442-8A584901083D}.Release|Any CPU.ActiveCfg = Release
		{62381E27-2ADF-4D03-B442-8A584901083D}.Release|Any CPU.Build.0 = Release
	EndGlobalSection
	GlobalSection(SolutionProperties) = preSolution
		HideSolutionNode = FALSE
	EndGlobalSection
EndGlobal
